PODS:
  - KDIntroView (0.1.0)

DEPENDENCIES:
  - KDIntroView (from `https://github.com/likedan/KDIntroView`)

EXTERNAL SOURCES:
  KDIntroView:
    :git: https://github.com/likedan/KDIntroView

CHECKOUT OPTIONS:
  KDIntroView:
    :commit: ae46186f4e1d63a6cfcfcec93bc0c10b7bff5f15
    :git: https://github.com/likedan/KDIntroView

SPEC CHECKSUMS:
  KDIntroView: 3cf7a2af4a8da23e2f68492aff72421b24549eaa

COCOAPODS: 0.38.0.beta.1
